
Microsoft Visual Studio Solution File, Format Version 12.00
# Visual Studio Version 17
VisualStudioVersion = 17.13.35818.85 d17.13
MinimumVisualStudioVersion = 10.0.40219.1
Project("{FAE04EC0-301F-11D3-BF4B-00C04F79EFBC}") = "Rocks", "Rocks\Rocks.csproj", "{B0311497-39E5-4B93-94CA-7945B3D693ED}"
EndProject
Global
	GlobalSection(SolutionConfigurationPlatforms) = preSolution
		Debug|Any CPU = Debug|Any CPU
		Release|Any CPU = Release|Any CPU
	EndGlobalSection
	GlobalSection(ProjectConfigurationPlatforms) = postSolution
		{B0311497-39E5-4B93-94CA-7945B3D693ED}.Debug|Any CPU.ActiveCfg = Debug|Any CPU
		{B0311497-39E5-4B93-94CA-7945B3D693ED}.Debug|Any CPU.Build.0 = Debug|Any CPU
		{B0311497-39E5-4B93-94CA-7945B3D693ED}.Release|Any CPU.ActiveCfg = Release|Any CPU
		{B0311497-39E5-4B93-94CA-7945B3D693ED}.Release|Any CPU.Build.0 = Release|Any CPU
	EndGlobalSection
	GlobalSection(SolutionProperties) = preSolution
		HideSolutionNode = FALSE
	EndGlobalSection
	GlobalSection(ExtensibilityGlobals) = postSolution
		SolutionGuid = {8D3269BE-253E-4154-A89C-A80A7B19138F}
	EndGlobalSection
EndGlobal
